{
  "pins" : [
    {
      "identity" : "lottie-ios",
      "kind" : "remoteSourceControl",
      "location" : "https://github.com/airbnb/lottie-ios",
      "state" : {
        "revision" : "d6feea26a370019b4d3a85f5984cb95a2734776f",
        "version" : "4.2.0"
      }
    },
    {
      "identity" : "swiftui-navigation-stack",
      "kind" : "remoteSourceControl",
      "location" : "https://github.com/matteopuc/swiftui-navigation-stack.git",
      "state" : {
        "revision" : "9e45f85008f5ad1fc0b3ee2d9e0ff1ca77f52efa",
        "version" : "1.0.6"
      }
    }
  ],
  "version" : 2
}
